
Microsoft Visual Studio Solution File, Format Version 12.00
# Visual Studio Version 17
VisualStudioVersion = 17.10.34916.146
MinimumVisualStudioVersion = 10.0.40219.1
Project("{FAE04EC0-301F-11D3-BF4B-00C04F79EFBC}") = "GhepTranhAS", "GhepTranhAS\GhepTranhAS.csproj", "{523528AA-2DA9-4181-A3AF-ABDD8F491AAA}"
EndProject
Global
	GlobalSection(SolutionConfigurationPlatforms) = preSolution
		Debug|Any CPU = Debug|Any CPU
		Release|Any CPU = Release|Any CPU
	EndGlobalSection
	GlobalSection(ProjectConfigurationPlatforms) = postSolution
		{523528AA-2DA9-4181-A3AF-ABDD8F491AAA}.Debug|Any CPU.ActiveCfg = Debug|Any CPU
		{523528AA-2DA9-4181-A3AF-ABDD8F491AAA}.Debug|Any CPU.Build.0 = Debug|Any CPU
		{523528AA-2DA9-4181-A3AF-ABDD8F491AAA}.Release|Any CPU.ActiveCfg = Release|Any CPU
		{523528AA-2DA9-4181-A3AF-ABDD8F491AAA}.Release|Any CPU.Build.0 = Release|Any CPU
	EndGlobalSection
	GlobalSection(SolutionProperties) = preSolution
		HideSolutionNode = FALSE
	EndGlobalSection
EndGlobal
